
Microsoft Visual Studio Solution File, Format Version 12.00
# Visual Studio Version 17
VisualStudioVersion = 17.0.31903.59
MinimumVisualStudioVersion = 10.0.40219.1
Project("{2150E333-8FDC-42A3-9474-1A3956D46DE8}") = "src", "src", "{827E0CD3-B72D-47B6-A68D-7590B98EB39B}"
EndProject
Project("{FAE04EC0-301F-11D3-BF4B-00C04F79EFBC}") = "PCBoost.Core", "src\PCBoost.Core\PCBoost.Core.csproj", "{B58CBEA0-1DDE-486C-9FCA-043ADA3F4FC0}"
EndProject
Project("{FAE04EC0-301F-11D3-BF4B-00C04F79EFBC}") = "PCBoost.Persistence", "src\PCBoost.Persistence\PCBoost.Persistence.csproj", "{967FB6A2-0186-4EDC-BE35-B16E6E55E313}"
EndProject
Project("{FAE04EC0-301F-11D3-BF4B-00C04F79EFBC}") = "PCBoost.Infrastructure", "src\PCBoost.Infrastructure\PCBoost.Infrastructure.csproj", "{B04C090F-34CB-432E-BC2D-C7BFFEFD5B77}"
EndProject
Project("{FAE04EC0-301F-11D3-BF4B-00C04F79EFBC}") = "PCBoost.System", "src\PCBoost.System\PCBoost.System.csproj", "{E9A6B772-B3AA-48EB-BE01-54A5E2AFB753}"
EndProject
Project("{FAE04EC0-301F-11D3-BF4B-00C04F79EFBC}") = "PCBoost.Diagnostics", "src\PCBoost.Diagnostics\PCBoost.Diagnostics.csproj", "{2B3131A1-508A-44C7-9663-F9246CD457A7}"
EndProject
Project("{FAE04EC0-301F-11D3-BF4B-00C04F79EFBC}") = "PCBoost.Optimization", "src\PCBoost.Optimization\PCBoost.Optimization.csproj", "{F5AE7DCA-3DC2-4DEB-A82C-645257CF8CDF}"
EndProject
Project("{FAE04EC0-301F-11D3-BF4B-00C04F79EFBC}") = "PCBoost.Gaming", "src\PCBoost.Gaming\PCBoost.Gaming.csproj", "{3B1286CF-B3C1-45DE-9D55-B4F96FA7F014}"
EndProject
Project("{FAE04EC0-301F-11D3-BF4B-00C04F79EFBC}") = "PCBoost.Presentation", "src\PCBoost.Presentation\PCBoost.Presentation.csproj", "{04CEE69F-BF21-485E-810B-27576C338DBA}"
EndProject
Project("{FAE04EC0-301F-11D3-BF4B-00C04F79EFBC}") = "PCBoost.Elevator", "src\PCBoost.Elevator\PCBoost.Elevator.csproj", "{0B5F1481-36A8-43E5-B7FF-AF132E6B55D3}"
EndProject
Project("{FAE04EC0-301F-11D3-BF4B-00C04F79EFBC}") = "PCBoost.App", "src\PCBoost.App\PCBoost.App.csproj", "{83FC626D-B406-4FAC-8355-22C80A6FB9E6}"
EndProject
Project("{2150E333-8FDC-42A3-9474-1A3956D46DE8}") = "tests", "tests", "{0AB3BF05-4346-4AA6-1389-037BE0695223}"
EndProject
Project("{FAE04EC0-301F-11D3-BF4B-00C04F79EFBC}") = "PCBoost.Core.Tests", "tests\PCBoost.Core.Tests\PCBoost.Core.Tests.csproj", "{23F807A8-9636-43C0-8881-C688BAFA201B}"
EndProject
Project("{FAE04EC0-301F-11D3-BF4B-00C04F79EFBC}") = "PCBoost.TestUtilities", "tests\PCBoost.TestUtilities\PCBoost.TestUtilities.csproj", "{9C318318-4BF4-4DD8-948C-4CA7029DD5DC}"
EndProject
Project("{FAE04EC0-301F-11D3-BF4B-00C04F79EFBC}") = "PCBoost.Diagnostics.Tests", "tests\PCBoost.Diagnostics.Tests\PCBoost.Diagnostics.Tests.csproj", "{A2777259-623C-4D58-B3A9-EFC29EE7B09D}"
EndProject
Project("{FAE04EC0-301F-11D3-BF4B-00C04F79EFBC}") = "PCBoost.Gaming.Tests", "tests\PCBoost.Gaming.Tests\PCBoost.Gaming.Tests.csproj", "{9DB2FAAB-02BA-49A6-AC40-89A12DA55949}"
EndProject
Project("{FAE04EC0-301F-11D3-BF4B-00C04F79EFBC}") = "PCBoost.Optimization.Tests", "tests\PCBoost.Optimization.Tests\PCBoost.Optimization.Tests.csproj", "{45590FEF-8AEF-44E4-8BE5-B480E8CD9972}"
EndProject
Project("{FAE04EC0-301F-11D3-BF4B-00C04F79EFBC}") = "PCBoost.System.Tests", "tests\PCBoost.System.Tests\PCBoost.System.Tests.csproj", "{CD59FDC8-B403-4291-967F-6F0B6BC5C450}"
EndProject
Project("{FAE04EC0-301F-11D3-BF4B-00C04F79EFBC}") = "PCBoost.Presentation.Tests", "tests\PCBoost.Presentation.Tests\PCBoost.Presentation.Tests.csproj", "{A2FC6D3A-3666-4D80-A017-949755EE81C4}"
EndProject
Global
	GlobalSection(SolutionConfigurationPlatforms) = preSolution
		Debug|Any CPU = Debug|Any CPU
		Debug|x64 = Debug|x64
		Debug|ARM64 = Debug|ARM64
		Release|Any CPU = Release|Any CPU
		Release|x64 = Release|x64
		Release|ARM64 = Release|ARM64
	EndGlobalSection
	GlobalSection(ProjectConfigurationPlatforms) = postSolution
		{B58CBEA0-1DDE-486C-9FCA-043ADA3F4FC0}.Debug|Any CPU.ActiveCfg = Debug|Any CPU
		{B58CBEA0-1DDE-486C-9FCA-043ADA3F4FC0}.Debug|Any CPU.Build.0 = Debug|Any CPU
		{B58CBEA0-1DDE-486C-9FCA-043ADA3F4FC0}.Debug|x64.ActiveCfg = Debug|Any CPU
		{B58CBEA0-1DDE-486C-9FCA-043ADA3F4FC0}.Debug|x64.Build.0 = Debug|Any CPU
		{B58CBEA0-1DDE-486C-9FCA-043ADA3F4FC0}.Debug|ARM64.ActiveCfg = Debug|Any CPU
		{B58CBEA0-1DDE-486C-9FCA-043ADA3F4FC0}.Debug|ARM64.Build.0 = Debug|Any CPU
		{B58CBEA0-1DDE-486C-9FCA-043ADA3F4FC0}.Release|Any CPU.ActiveCfg = Release|Any CPU
		{B58CBEA0-1DDE-486C-9FCA-043ADA3F4FC0}.Release|Any CPU.Build.0 = Release|Any CPU
		{B58CBEA0-1DDE-486C-9FCA-043ADA3F4FC0}.Release|x64.ActiveCfg = Release|Any CPU
		{B58CBEA0-1DDE-486C-9FCA-043ADA3F4FC0}.Release|x64.Build.0 = Release|Any CPU
		{B58CBEA0-1DDE-486C-9FCA-043ADA3F4FC0}.Release|ARM64.ActiveCfg = Release|Any CPU
		{B58CBEA0-1DDE-486C-9FCA-043ADA3F4FC0}.Release|ARM64.Build.0 = Release|Any CPU
		{967FB6A2-0186-4EDC-BE35-B16E6E55E313}.Debug|Any CPU.ActiveCfg = Debug|Any CPU
		{967FB6A2-0186-4EDC-BE35-B16E6E55E313}.Debug|Any CPU.Build.0 = Debug|Any CPU
		{967FB6A2-0186-4EDC-BE35-B16E6E55E313}.Debug|x64.ActiveCfg = Debug|Any CPU
		{967FB6A2-0186-4EDC-BE35-B16E6E55E313}.Debug|x64.Build.0 = Debug|Any CPU
		{967FB6A2-0186-4EDC-BE35-B16E6E55E313}.Debug|ARM64.ActiveCfg = Debug|Any CPU
		{967FB6A2-0186-4EDC-BE35-B16E6E55E313}.Debug|ARM64.Build.0 = Debug|Any CPU
		{967FB6A2-0186-4EDC-BE35-B16E6E55E313}.Release|Any CPU.ActiveCfg = Release|Any CPU
		{967FB6A2-0186-4EDC-BE35-B16E6E55E313}.Release|Any CPU.Build.0 = Release|Any CPU
		{967FB6A2-0186-4EDC-BE35-B16E6E55E313}.Release|x64.ActiveCfg = Release|Any CPU
		{967FB6A2-0186-4EDC-BE35-B16E6E55E313}.Release|x64.Build.0 = Release|Any CPU
		{967FB6A2-0186-4EDC-BE35-B16E6E55E313}.Release|ARM64.ActiveCfg = Release|Any CPU
		{967FB6A2-0186-4EDC-BE35-B16E6E55E313}.Release|ARM64.Build.0 = Release|Any CPU
		{B04C090F-34CB-432E-BC2D-C7BFFEFD5B77}.Debug|Any CPU.ActiveCfg = Debug|Any CPU
		{B04C090F-34CB-432E-BC2D-C7BFFEFD5B77}.Debug|Any CPU.Build.0 = Debug|Any CPU
		{B04C090F-34CB-432E-BC2D-C7BFFEFD5B77}.Debug|x64.ActiveCfg = Debug|Any CPU
		{B04C090F-34CB-432E-BC2D-C7BFFEFD5B77}.Debug|x64.Build.0 = Debug|Any CPU
		{B04C090F-34CB-432E-BC2D-C7BFFEFD5B77}.Debug|ARM64.ActiveCfg = Debug|Any CPU
		{B04C090F-34CB-432E-BC2D-C7BFFEFD5B77}.Debug|ARM64.Build.0 = Debug|Any CPU
		{B04C090F-34CB-432E-BC2D-C7BFFEFD5B77}.Release|Any CPU.ActiveCfg = Release|Any CPU
		{B04C090F-34CB-432E-BC2D-C7BFFEFD5B77}.Release|Any CPU.Build.0 = Release|Any CPU
		{B04C090F-34CB-432E-BC2D-C7BFFEFD5B77}.Release|x64.ActiveCfg = Release|Any CPU
		{B04C090F-34CB-432E-BC2D-C7BFFEFD5B77}.Release|x64.Build.0 = Release|Any CPU
		{B04C090F-34CB-432E-BC2D-C7BFFEFD5B77}.Release|ARM64.ActiveCfg = Release|Any CPU
		{B04C090F-34CB-432E-BC2D-C7BFFEFD5B77}.Release|ARM64.Build.0 = Release|Any CPU
		{E9A6B772-B3AA-48EB-BE01-54A5E2AFB753}.Debug|Any CPU.ActiveCfg = Debug|Any CPU
		{E9A6B772-B3AA-48EB-BE01-54A5E2AFB753}.Debug|Any CPU.Build.0 = Debug|Any CPU
		{E9A6B772-B3AA-48EB-BE01-54A5E2AFB753}.Debug|x64.ActiveCfg = Debug|Any CPU
		{E9A6B772-B3AA-48EB-BE01-54A5E2AFB753}.Debug|x64.Build.0 = Debug|Any CPU
		{E9A6B772-B3AA-48EB-BE01-54A5E2AFB753}.Debug|ARM64.ActiveCfg = Debug|Any CPU
		{E9A6B772-B3AA-48EB-BE01-54A5E2AFB753}.Debug|ARM64.Build.0 = Debug|Any CPU
		{E9A6B772-B3AA-48EB-BE01-54A5E2AFB753}.Release|Any CPU.ActiveCfg = Release|Any CPU
		{E9A6B772-B3AA-48EB-BE01-54A5E2AFB753}.Release|Any CPU.Build.0 = Release|Any CPU
		{E9A6B772-B3AA-48EB-BE01-54A5E2AFB753}.Release|x64.ActiveCfg = Release|Any CPU
		{E9A6B772-B3AA-48EB-BE01-54A5E2AFB753}.Release|x64.Build.0 = Release|Any CPU
		{E9A6B772-B3AA-48EB-BE01-54A5E2AFB753}.Release|ARM64.ActiveCfg = Release|Any CPU
		{E9A6B772-B3AA-48EB-BE01-54A5E2AFB753}.Release|ARM64.Build.0 = Release|Any CPU
		{2B3131A1-508A-44C7-9663-F9246CD457A7}.Debug|Any CPU.ActiveCfg = Debug|Any CPU
		{2B3131A1-508A-44C7-9663-F9246CD457A7}.Debug|Any CPU.Build.0 = Debug|Any CPU
		{2B3131A1-508A-44C7-9663-F9246CD457A7}.Debug|x64.ActiveCfg = Debug|Any CPU
		{2B3131A1-508A-44C7-9663-F9246CD457A7}.Debug|x64.Build.0 = Debug|Any CPU
		{2B3131A1-508A-44C7-9663-F9246CD457A7}.Debug|ARM64.ActiveCfg = Debug|Any CPU
		{2B3131A1-508A-44C7-9663-F9246CD457A7}.Debug|ARM64.Build.0 = Debug|Any CPU
		{2B3131A1-508A-44C7-9663-F9246CD457A7}.Release|Any CPU.ActiveCfg = Release|Any CPU
		{2B3131A1-508A-44C7-9663-F9246CD457A7}.Release|Any CPU.Build.0 = Release|Any CPU
		{2B3131A1-508A-44C7-9663-F9246CD457A7}.Release|x64.ActiveCfg = Release|Any CPU
		{2B3131A1-508A-44C7-9663-F9246CD457A7}.Release|x64.Build.0 = Release|Any CPU
		{2B3131A1-508A-44C7-9663-F9246CD457A7}.Release|ARM64.ActiveCfg = Release|Any CPU
		{2B3131A1-508A-44C7-9663-F9246CD457A7}.Release|ARM64.Build.0 = Release|Any CPU
		{F5AE7DCA-3DC2-4DEB-A82C-645257CF8CDF}.Debug|Any CPU.ActiveCfg = Debug|Any CPU
		{F5AE7DCA-3DC2-4DEB-A82C-645257CF8CDF}.Debug|Any CPU.Build.0 = Debug|Any CPU
		{F5AE7DCA-3DC2-4DEB-A82C-645257CF8CDF}.Debug|x64.ActiveCfg = Debug|Any CPU
		{F5AE7DCA-3DC2-4DEB-A82C-645257CF8CDF}.Debug|x64.Build.0 = Debug|Any CPU
		{F5AE7DCA-3DC2-4DEB-A82C-645257CF8CDF}.Debug|ARM64.ActiveCfg = Debug|Any CPU
		{F5AE7DCA-3DC2-4DEB-A82C-645257CF8CDF}.Debug|ARM64.Build.0 = Debug|Any CPU
		{F5AE7DCA-3DC2-4DEB-A82C-645257CF8CDF}.Release|Any CPU.ActiveCfg = Release|Any CPU
		{F5AE7DCA-3DC2-4DEB-A82C-645257CF8CDF}.Release|Any CPU.Build.0 = Release|Any CPU
		{F5AE7DCA-3DC2-4DEB-A82C-645257CF8CDF}.Release|x64.ActiveCfg = Release|Any CPU
		{F5AE7DCA-3DC2-4DEB-A82C-645257CF8CDF}.Release|x64.Build.0 = Release|Any CPU
		{F5AE7DCA-3DC2-4DEB-A82C-645257CF8CDF}.Release|ARM64.ActiveCfg = Release|Any CPU
		{F5AE7DCA-3DC2-4DEB-A82C-645257CF8CDF}.Release|ARM64.Build.0 = Release|Any CPU
		{3B1286CF-B3C1-45DE-9D55-B4F96FA7F014}.Debug|Any CPU.ActiveCfg = Debug|Any CPU
		{3B1286CF-B3C1-45DE-9D55-B4F96FA7F014}.Debug|Any CPU.Build.0 = Debug|Any CPU
		{3B1286CF-B3C1-45DE-9D55-B4F96FA7F014}.Debug|x64.ActiveCfg = Debug|Any CPU
		{3B1286CF-B3C1-45DE-9D55-B4F96FA7F014}.Debug|x64.Build.0 = Debug|Any CPU
		{3B1286CF-B3C1-45DE-9D55-B4F96FA7F014}.Debug|ARM64.ActiveCfg = Debug|Any CPU
		{3B1286CF-B3C1-45DE-9D55-B4F96FA7F014}.Debug|ARM64.Build.0 = Debug|Any CPU
		{3B1286CF-B3C1-45DE-9D55-B4F96FA7F014}.Release|Any CPU.ActiveCfg = Release|Any CPU
		{3B1286CF-B3C1-45DE-9D55-B4F96FA7F014}.Release|Any CPU.Build.0 = Release|Any CPU
		{3B1286CF-B3C1-45DE-9D55-B4F96FA7F014}.Release|x64.ActiveCfg = Release|Any CPU
		{3B1286CF-B3C1-45DE-9D55-B4F96FA7F014}.Release|x64.Build.0 = Release|Any CPU
		{3B1286CF-B3C1-45DE-9D55-B4F96FA7F014}.Release|ARM64.ActiveCfg = Release|Any CPU
		{3B1286CF-B3C1-45DE-9D55-B4F96FA7F014}.Release|ARM64.Build.0 = Release|Any CPU
		{04CEE69F-BF21-485E-810B-27576C338DBA}.Debug|Any CPU.ActiveCfg = Debug|Any CPU
		{04CEE69F-BF21-485E-810B-27576C338DBA}.Debug|Any CPU.Build.0 = Debug|Any CPU
		{04CEE69F-BF21-485E-810B-27576C338DBA}.Debug|x64.ActiveCfg = Debug|Any CPU
		{04CEE69F-BF21-485E-810B-27576C338DBA}.Debug|x64.Build.0 = Debug|Any CPU
		{04CEE69F-BF21-485E-810B-27576C338DBA}.Debug|ARM64.ActiveCfg = Debug|Any CPU
		{04CEE69F-BF21-485E-810B-27576C338DBA}.Debug|ARM64.Build.0 = Debug|Any CPU
		{04CEE69F-BF21-485E-810B-27576C338DBA}.Release|Any CPU.ActiveCfg = Release|Any CPU
		{04CEE69F-BF21-485E-810B-27576C338DBA}.Release|Any CPU.Build.0 = Release|Any CPU
		{04CEE69F-BF21-485E-810B-27576C338DBA}.Release|x64.ActiveCfg = Release|Any CPU
		{04CEE69F-BF21-485E-810B-27576C338DBA}.Release|x64.Build.0 = Release|Any CPU
		{04CEE69F-BF21-485E-810B-27576C338DBA}.Release|ARM64.ActiveCfg = Release|Any CPU
		{04CEE69F-BF21-485E-810B-27576C338DBA}.Release|ARM64.Build.0 = Release|Any CPU
		{0B5F1481-36A8-43E5-B7FF-AF132E6B55D3}.Debug|Any CPU.ActiveCfg = Debug|Any CPU
		{0B5F1481-36A8-43E5-B7FF-AF132E6B55D3}.Debug|Any CPU.Build.0 = Debug|Any CPU
		{0B5F1481-36A8-43E5-B7FF-AF132E6B55D3}.Debug|x64.ActiveCfg = Debug|Any CPU
		{0B5F1481-36A8-43E5-B7FF-AF132E6B55D3}.Debug|x64.Build.0 = Debug|Any CPU
		{0B5F1481-36A8-43E5-B7FF-AF132E6B55D3}.Debug|ARM64.ActiveCfg = Debug|Any CPU
		{0B5F1481-36A8-43E5-B7FF-AF132E6B55D3}.Debug|ARM64.Build.0 = Debug|Any CPU
		{0B5F1481-36A8-43E5-B7FF-AF132E6B55D3}.Release|Any CPU.ActiveCfg = Release|Any CPU
		{0B5F1481-36A8-43E5-B7FF-AF132E6B55D3}.Release|Any CPU.Build.0 = Release|Any CPU
		{0B5F1481-36A8-43E5-B7FF-AF132E6B55D3}.Release|x64.ActiveCfg = Release|Any CPU
		{0B5F1481-36A8-43E5-B7FF-AF132E6B55D3}.Release|x64.Build.0 = Release|Any CPU
		{0B5F1481-36A8-43E5-B7FF-AF132E6B55D3}.Release|ARM64.ActiveCfg = Release|Any CPU
		{0B5F1481-36A8-43E5-B7FF-AF132E6B55D3}.Release|ARM64.Build.0 = Release|Any CPU
		{83FC626D-B406-4FAC-8355-22C80A6FB9E6}.Debug|Any CPU.ActiveCfg = Debug|x64
		{83FC626D-B406-4FAC-8355-22C80A6FB9E6}.Debug|Any CPU.Build.0 = Debug|x64
		{83FC626D-B406-4FAC-8355-22C80A6FB9E6}.Debug|x64.ActiveCfg = Debug|x64
		{83FC626D-B406-4FAC-8355-22C80A6FB9E6}.Debug|x64.Build.0 = Debug|x64
		{83FC626D-B406-4FAC-8355-22C80A6FB9E6}.Debug|ARM64.ActiveCfg = Debug|ARM64
		{83FC626D-B406-4FAC-8355-22C80A6FB9E6}.Debug|ARM64.Build.0 = Debug|ARM64
		{83FC626D-B406-4FAC-8355-22C80A6FB9E6}.Release|Any CPU.ActiveCfg = Release|x64
		{83FC626D-B406-4FAC-8355-22C80A6FB9E6}.Release|Any CPU.Build.0 = Release|x64
		{83FC626D-B406-4FAC-8355-22C80A6FB9E6}.Release|x64.ActiveCfg = Release|x64
		{83FC626D-B406-4FAC-8355-22C80A6FB9E6}.Release|x64.Build.0 = Release|x64
		{83FC626D-B406-4FAC-8355-22C80A6FB9E6}.Release|ARM64.ActiveCfg = Release|ARM64
		{83FC626D-B406-4FAC-8355-22C80A6FB9E6}.Release|ARM64.Build.0 = Release|ARM64
		{23F807A8-9636-43C0-8881-C688BAFA201B}.Debug|Any CPU.ActiveCfg = Debug|Any CPU
		{23F807A8-9636-43C0-8881-C688BAFA201B}.Debug|Any CPU.Build.0 = Debug|Any CPU
		{23F807A8-9636-43C0-8881-C688BAFA201B}.Debug|x64.ActiveCfg = Debug|Any CPU
		{23F807A8-9636-43C0-8881-C688BAFA201B}.Debug|x64.Build.0 = Debug|Any CPU
		{23F807A8-9636-43C0-8881-C688BAFA201B}.Debug|ARM64.ActiveCfg = Debug|Any CPU
		{23F807A8-9636-43C0-8881-C688BAFA201B}.Debug|ARM64.Build.0 = Debug|Any CPU
		{23F807A8-9636-43C0-8881-C688BAFA201B}.Release|Any CPU.ActiveCfg = Release|Any CPU
		{23F807A8-9636-43C0-8881-C688BAFA201B}.Release|Any CPU.Build.0 = Release|Any CPU
		{23F807A8-9636-43C0-8881-C688BAFA201B}.Release|x64.ActiveCfg = Release|Any CPU
		{23F807A8-9636-43C0-8881-C688BAFA201B}.Release|x64.Build.0 = Release|Any CPU
		{23F807A8-9636-43C0-8881-C688BAFA201B}.Release|ARM64.ActiveCfg = Release|Any CPU
		{23F807A8-9636-43C0-8881-C688BAFA201B}.Release|ARM64.Build.0 = Release|Any CPU
		{9C318318-4BF4-4DD8-948C-4CA7029DD5DC}.Debug|Any CPU.ActiveCfg = Debug|Any CPU
		{9C318318-4BF4-4DD8-948C-4CA7029DD5DC}.Debug|Any CPU.Build.0 = Debug|Any CPU
		{9C318318-4BF4-4DD8-948C-4CA7029DD5DC}.Debug|x64.ActiveCfg = Debug|Any CPU
		{9C318318-4BF4-4DD8-948C-4CA7029DD5DC}.Debug|x64.Build.0 = Debug|Any CPU
		{9C318318-4BF4-4DD8-948C-4CA7029DD5DC}.Debug|ARM64.ActiveCfg = Debug|Any CPU
		{9C318318-4BF4-4DD8-948C-4CA7029DD5DC}.Debug|ARM64.Build.0 = Debug|Any CPU
		{9C318318-4BF4-4DD8-948C-4CA7029DD5DC}.Release|Any CPU.ActiveCfg = Release|Any CPU
		{9C318318-4BF4-4DD8-948C-4CA7029DD5DC}.Release|Any CPU.Build.0 = Release|Any CPU
		{9C318318-4BF4-4DD8-948C-4CA7029DD5DC}.Release|x64.ActiveCfg = Release|Any CPU
		{9C318318-4BF4-4DD8-948C-4CA7029DD5DC}.Release|x64.Build.0 = Release|Any CPU
		{9C318318-4BF4-4DD8-948C-4CA7029DD5DC}.Release|ARM64.ActiveCfg = Release|Any CPU
		{9C318318-4BF4-4DD8-948C-4CA7029DD5DC}.Release|ARM64.Build.0 = Release|Any CPU
		{A2777259-623C-4D58-B3A9-EFC29EE7B09D}.Debug|Any CPU.ActiveCfg = Debug|Any CPU
		{A2777259-623C-4D58-B3A9-EFC29EE7B09D}.Debug|Any CPU.Build.0 = Debug|Any CPU
		{A2777259-623C-4D58-B3A9-EFC29EE7B09D}.Debug|x64.ActiveCfg = Debug|Any CPU
		{A2777259-623C-4D58-B3A9-EFC29EE7B09D}.Debug|x64.Build.0 = Debug|Any CPU
		{A2777259-623C-4D58-B3A9-EFC29EE7B09D}.Debug|ARM64.ActiveCfg = Debug|Any CPU
		{A2777259-623C-4D58-B3A9-EFC29EE7B09D}.Debug|ARM64.Build.0 = Debug|Any CPU
		{A2777259-623C-4D58-B3A9-EFC29EE7B09D}.Release|Any CPU.ActiveCfg = Release|Any CPU
		{A2777259-623C-4D58-B3A9-EFC29EE7B09D}.Release|Any CPU.Build.0 = Release|Any CPU
		{A2777259-623C-4D58-B3A9-EFC29EE7B09D}.Release|x64.ActiveCfg = Release|Any CPU
		{A2777259-623C-4D58-B3A9-EFC29EE7B09D}.Release|x64.Build.0 = Release|Any CPU
		{A2777259-623C-4D58-B3A9-EFC29EE7B09D}.Release|ARM64.ActiveCfg = Release|Any CPU
		{A2777259-623C-4D58-B3A9-EFC29EE7B09D}.Release|ARM64.Build.0 = Release|Any CPU
		{9DB2FAAB-02BA-49A6-AC40-89A12DA55949}.Debug|Any CPU.ActiveCfg = Debug|Any CPU
		{9DB2FAAB-02BA-49A6-AC40-89A12DA55949}.Debug|Any CPU.Build.0 = Debug|Any CPU
		{9DB2FAAB-02BA-49A6-AC40-89A12DA55949}.Debug|x64.ActiveCfg = Debug|Any CPU
		{9DB2FAAB-02BA-49A6-AC40-89A12DA55949}.Debug|x64.Build.0 = Debug|Any CPU
		{9DB2FAAB-02BA-49A6-AC40-89A12DA55949}.Debug|ARM64.ActiveCfg = Debug|Any CPU
		{9DB2FAAB-02BA-49A6-AC40-89A12DA55949}.Debug|ARM64.Build.0 = Debug|Any CPU
		{9DB2FAAB-02BA-49A6-AC40-89A12DA55949}.Release|Any CPU.ActiveCfg = Release|Any CPU
		{9DB2FAAB-02BA-49A6-AC40-89A12DA55949}.Release|Any CPU.Build.0 = Release|Any CPU
		{9DB2FAAB-02BA-49A6-AC40-89A12DA55949}.Release|x64.ActiveCfg = Release|Any CPU
		{9DB2FAAB-02BA-49A6-AC40-89A12DA55949}.Release|x64.Build.0 = Release|Any CPU
		{9DB2FAAB-02BA-49A6-AC40-89A12DA55949}.Release|ARM64.ActiveCfg = Release|Any CPU
		{9DB2FAAB-02BA-49A6-AC40-89A12DA55949}.Release|ARM64.Build.0 = Release|Any CPU
		{45590FEF-8AEF-44E4-8BE5-B480E8CD9972}.Debug|Any CPU.ActiveCfg = Debug|Any CPU
		{45590FEF-8AEF-44E4-8BE5-B480E8CD9972}.Debug|Any CPU.Build.0 = Debug|Any CPU
		{45590FEF-8AEF-44E4-8BE5-B480E8CD9972}.Debug|x64.ActiveCfg = Debug|Any CPU
		{45590FEF-8AEF-44E4-8BE5-B480E8CD9972}.Debug|x64.Build.0 = Debug|Any CPU
		{45590FEF-8AEF-44E4-8BE5-B480E8CD9972}.Debug|ARM64.ActiveCfg = Debug|Any CPU
		{45590FEF-8AEF-44E4-8BE5-B480E8CD9972}.Debug|ARM64.Build.0 = Debug|Any CPU
		{45590FEF-8AEF-44E4-8BE5-B480E8CD9972}.Release|Any CPU.ActiveCfg = Release|Any CPU
		{45590FEF-8AEF-44E4-8BE5-B480E8CD9972}.Release|Any CPU.Build.0 = Release|Any CPU
		{45590FEF-8AEF-44E4-8BE5-B480E8CD9972}.Release|x64.ActiveCfg = Release|Any CPU
		{45590FEF-8AEF-44E4-8BE5-B480E8CD9972}.Release|x64.Build.0 = Release|Any CPU
		{45590FEF-8AEF-44E4-8BE5-B480E8CD9972}.Release|ARM64.ActiveCfg = Release|Any CPU
		{45590FEF-8AEF-44E4-8BE5-B480E8CD9972}.Release|ARM64.Build.0 = Release|Any CPU
		{CD59FDC8-B403-4291-967F-6F0B6BC5C450}.Debug|Any CPU.ActiveCfg = Debug|Any CPU
		{CD59FDC8-B403-4291-967F-6F0B6BC5C450}.Debug|Any CPU.Build.0 = Debug|Any CPU
		{CD59FDC8-B403-4291-967F-6F0B6BC5C450}.Debug|x64.ActiveCfg = Debug|Any CPU
		{CD59FDC8-B403-4291-967F-6F0B6BC5C450}.Debug|x64.Build.0 = Debug|Any CPU
		{CD59FDC8-B403-4291-967F-6F0B6BC5C450}.Debug|ARM64.ActiveCfg = Debug|Any CPU
		{CD59FDC8-B403-4291-967F-6F0B6BC5C450}.Debug|ARM64.Build.0 = Debug|Any CPU
		{CD59FDC8-B403-4291-967F-6F0B6BC5C450}.Release|Any CPU.ActiveCfg = Release|Any CPU
		{CD59FDC8-B403-4291-967F-6F0B6BC5C450}.Release|Any CPU.Build.0 = Release|Any CPU
		{CD59FDC8-B403-4291-967F-6F0B6BC5C450}.Release|x64.ActiveCfg = Release|Any CPU
		{CD59FDC8-B403-4291-967F-6F0B6BC5C450}.Release|x64.Build.0 = Release|Any CPU
		{CD59FDC8-B403-4291-967F-6F0B6BC5C450}.Release|ARM64.ActiveCfg = Release|Any CPU
		{CD59FDC8-B403-4291-967F-6F0B6BC5C450}.Release|ARM64.Build.0 = Release|Any CPU
		{A2FC6D3A-3666-4D80-A017-949755EE81C4}.Debug|Any CPU.ActiveCfg = Debug|Any CPU
		{A2FC6D3A-3666-4D80-A017-949755EE81C4}.Debug|Any CPU.Build.0 = Debug|Any CPU
		{A2FC6D3A-3666-4D80-A017-949755EE81C4}.Debug|x64.ActiveCfg = Debug|Any CPU
		{A2FC6D3A-3666-4D80-A017-949755EE81C4}.Debug|x64.Build.0 = Debug|Any CPU
		{A2FC6D3A-3666-4D80-A017-949755EE81C4}.Debug|ARM64.ActiveCfg = Debug|Any CPU
		{A2FC6D3A-3666-4D80-A017-949755EE81C4}.Debug|ARM64.Build.0 = Debug|Any CPU
		{A2FC6D3A-3666-4D80-A017-949755EE81C4}.Release|Any CPU.ActiveCfg = Release|Any CPU
		{A2FC6D3A-3666-4D80-A017-949755EE81C4}.Release|Any CPU.Build.0 = Release|Any CPU
		{A2FC6D3A-3666-4D80-A017-949755EE81C4}.Release|x64.ActiveCfg = Release|Any CPU
		{A2FC6D3A-3666-4D80-A017-949755EE81C4}.Release|x64.Build.0 = Release|Any CPU
		{A2FC6D3A-3666-4D80-A017-949755EE81C4}.Release|ARM64.ActiveCfg = Release|Any CPU
		{A2FC6D3A-3666-4D80-A017-949755EE81C4}.Release|ARM64.Build.0 = Release|Any CPU
	EndGlobalSection
	GlobalSection(SolutionProperties) = preSolution
		HideSolutionNode = FALSE
	EndGlobalSection
	GlobalSection(NestedProjects) = preSolution
		{B58CBEA0-1DDE-486C-9FCA-043ADA3F4FC0} = {827E0CD3-B72D-47B6-A68D-7590B98EB39B}
		{967FB6A2-0186-4EDC-BE35-B16E6E55E313} = {827E0CD3-B72D-47B6-A68D-7590B98EB39B}
		{B04C090F-34CB-432E-BC2D-C7BFFEFD5B77} = {827E0CD3-B72D-47B6-A68D-7590B98EB39B}
		{E9A6B772-B3AA-48EB-BE01-54A5E2AFB753} = {827E0CD3-B72D-47B6-A68D-7590B98EB39B}
		{2B3131A1-508A-44C7-9663-F9246CD457A7} = {827E0CD3-B72D-47B6-A68D-7590B98EB39B}
		{F5AE7DCA-3DC2-4DEB-A82C-645257CF8CDF} = {827E0CD3-B72D-47B6-A68D-7590B98EB39B}
		{3B1286CF-B3C1-45DE-9D55-B4F96FA7F014} = {827E0CD3-B72D-47B6-A68D-7590B98EB39B}
		{04CEE69F-BF21-485E-810B-27576C338DBA} = {827E0CD3-B72D-47B6-A68D-7590B98EB39B}
		{0B5F1481-36A8-43E5-B7FF-AF132E6B55D3} = {827E0CD3-B72D-47B6-A68D-7590B98EB39B}
		{83FC626D-B406-4FAC-8355-22C80A6FB9E6} = {827E0CD3-B72D-47B6-A68D-7590B98EB39B}
		{23F807A8-9636-43C0-8881-C688BAFA201B} = {0AB3BF05-4346-4AA6-1389-037BE0695223}
		{9C318318-4BF4-4DD8-948C-4CA7029DD5DC} = {0AB3BF05-4346-4AA6-1389-037BE0695223}
		{A2777259-623C-4D58-B3A9-EFC29EE7B09D} = {0AB3BF05-4346-4AA6-1389-037BE0695223}
		{9DB2FAAB-02BA-49A6-AC40-89A12DA55949} = {0AB3BF05-4346-4AA6-1389-037BE0695223}
		{45590FEF-8AEF-44E4-8BE5-B480E8CD9972} = {0AB3BF05-4346-4AA6-1389-037BE0695223}
		{CD59FDC8-B403-4291-967F-6F0B6BC5C450} = {0AB3BF05-4346-4AA6-1389-037BE0695223}
		{A2FC6D3A-3666-4D80-A017-949755EE81C4} = {0AB3BF05-4346-4AA6-1389-037BE0695223}
	EndGlobalSection
EndGlobal
